// !$*UTF8*$!
{
	archiveVersion = 1;
	classes = {
	};
	objectVersion = 56;
	objects = {

/* Begin PBXBuildFile section */
		84E1237929FA4DFB0038FE1D /* BudgetAppApp.swift in Sources */ = {isa = PBXBuildFile; fileRef = 84E1237829FA4DFB0038FE1D /* BudgetAppApp.swift */; };
		84E1237B29FA4DFB0038FE1D /* ContentView.swift in Sources */ = {isa = PBXBuildFile; fileRef = 84E1237A29FA4DFB0038FE1D /* ContentView.swift */; };
		84E1237D29FA4DFC0038FE1D /* Assets.xcassets in Resources */ = {isa = PBXBuildFile; fileRef = 84E1237C29FA4DFC0038FE1D /* Assets.xcassets */; };
		84E1238029FA4DFC0038FE1D /* Preview Assets.xcassets in Resources */ = {isa = PBXBuildFile; fileRef = 84E1237F29FA4DFC0038FE1D /* Preview Assets.xcassets */; };
		84E1238C29FA534D0038FE1D /* GoogleService-Info.plist in Resources */ = {isa = PBXBuildFile; fileRef = 84E1238B29FA534D0038FE1D /* GoogleService-Info.plist */; };
		84E1239D29FA5C4C0038FE1D /* AlertToast in Frameworks */ = {isa = PBXBuildFile; productRef = 84E1239C29FA5C4C0038FE1D /* AlertToast */; };
		84E1239F29FA6B410038FE1D /* HomeView.swift in Sources */ = {isa = PBXBuildFile; fileRef = 84E1239E29FA6B410038FE1D /* HomeView.swift */; };
		84E123DE2A00E68C0038FE1D /* AuthViewModel.swift in Sources */ = {isa = PBXBuildFile; fileRef = 84E123DD2A00E68C0038FE1D /* AuthViewModel.swift */; };
		84E123E02A00E80D0038FE1D /* SignupView.swift in Sources */ = {isa = PBXBuildFile; fileRef = 84E123DF2A00E80D0038FE1D /* SignupView.swift */; };
		84E123E52A0122010038FE1D /* FirebaseAuth in Frameworks */ = {isa = PBXBuildFile; productRef = 84E123E42A0122010038FE1D /* FirebaseAuth */; };
		84E123E72A0122010038FE1D /* FirebaseDatabaseSwift in Frameworks */ = {isa = PBXBuildFile; productRef = 84E123E62A0122010038FE1D /* FirebaseDatabaseSwift */; };
		84E123E92A0122010038FE1D /* FirebaseFirestoreSwift in Frameworks */ = {isa = PBXBuildFile; productRef = 84E123E82A0122010038FE1D /* FirebaseFirestoreSwift */; };
		84E123EB2A0122010038FE1D /* FirebaseStorage in Frameworks */ = {isa = PBXBuildFile; productRef = 84E123EA2A0122010038FE1D /* FirebaseStorage */; };
		84E1243A2A02533C0038FE1D /* String+Extension.swift in Sources */ = {isa = PBXBuildFile; fileRef = 84E124392A02533C0038FE1D /* String+Extension.swift */; };
/* End PBXBuildFile section */

/* Begin PBXFileReference section */
		84E1237529FA4DFB0038FE1D /* BudgetApp.app */ = {isa = PBXFileReference; explicitFileType = wrapper.application; includeInIndex = 0; path = BudgetApp.app; sourceTree = BUILT_PRODUCTS_DIR; };
		84E1237829FA4DFB0038FE1D /* BudgetAppApp.swift */ = {isa = PBXFileReference; lastKnownFileType = sourcecode.swift; path = BudgetAppApp.swift; sourceTree = "<group>"; };
		84E1237A29FA4DFB0038FE1D /* ContentView.swift */ = {isa = PBXFileReference; lastKnownFileType = sourcecode.swift; path = ContentView.swift; sourceTree = "<group>"; };
		84E1237C29FA4DFC0038FE1D /* Assets.xcassets */ = {isa = PBXFileReference; lastKnownFileType = folder.assetcatalog; path = Assets.xcassets; sourceTree = "<group>"; };
		84E1237F29FA4DFC0038FE1D /* Preview Assets.xcassets */ = {isa = PBXFileReference; lastKnownFileType = folder.assetcatalog; path = "Preview Assets.xcassets"; sourceTree = "<group>"; };
		84E1238B29FA534D0038FE1D /* GoogleService-Info.plist */ = {isa = PBXFileReference; fileEncoding = 4; lastKnownFileType = text.plist.xml; path = "GoogleService-Info.plist"; sourceTree = "<group>"; };
		84E1239E29FA6B410038FE1D /* HomeView.swift */ = {isa = PBXFileReference; lastKnownFileType = sourcecode.swift; path = HomeView.swift; sourceTree = "<group>"; };
		84E123DD2A00E68C0038FE1D /* AuthViewModel.swift */ = {isa = PBXFileReference; lastKnownFileType = sourcecode.swift; path = AuthViewModel.swift; sourceTree = "<group>"; };
		84E123DF2A00E80D0038FE1D /* SignupView.swift */ = {isa = PBXFileReference; lastKnownFileType = sourcecode.swift; path = SignupView.swift; sourceTree = "<group>"; };
		84E124392A02533C0038FE1D /* String+Extension.swift */ = {isa = PBXFileReference; lastKnownFileType = sourcecode.swift; path = "String+Extension.swift"; sourceTree = "<group>"; };
/* End PBXFileReference section */

/* Begin PBXFrameworksBuildPhase section */
		84E1237229FA4DFB0038FE1D /* Frameworks */ = {
			isa = PBXFrameworksBuildPhase;
			buildActionMask = 2147483647;
			files = (
				84E123E72A0122010038FE1D /* FirebaseDatabaseSwift in Frameworks */,
				84E1239D29FA5C4C0038FE1D /* AlertToast in Frameworks */,
				84E123E52A0122010038FE1D /* FirebaseAuth in Frameworks */,
				84E123EB2A0122010038FE1D /* FirebaseStorage in Frameworks */,
				84E123E92A0122010038FE1D /* FirebaseFirestoreSwift in Frameworks */,
			);
			runOnlyForDeploymentPostprocessing = 0;
		};
/* End PBXFrameworksBuildPhase section */

/* Begin PBXGroup section */
		84E1236C29FA4DFB0038FE1D = {
			isa = PBXGroup;
			children = (
				84E1237729FA4DFB0038FE1D /* BudgetApp */,
				84E1237629FA4DFB0038FE1D /* Products */,
			);
			sourceTree = "<group>";
		};
		84E1237629FA4DFB0038FE1D /* Products */ = {
			isa = PBXGroup;
			children = (
				84E1237529FA4DFB0038FE1D /* BudgetApp.app */,
			);
			name = Products;
			sourceTree = "<group>";
		};
		84E1237729FA4DFB0038FE1D /* BudgetApp */ = {
			isa = PBXGroup;
			children = (
				84E123DC2A00E6610038FE1D /* ViewModel */,
				84E123D72A00E41E0038FE1D /* Views */,
				84E1238829FA4E5B0038FE1D /* Extensions */,
				84E1237829FA4DFB0038FE1D /* BudgetAppApp.swift */,
				84E1237A29FA4DFB0038FE1D /* ContentView.swift */,
				84E1238B29FA534D0038FE1D /* GoogleService-Info.plist */,
				84E1237C29FA4DFC0038FE1D /* Assets.xcassets */,
				84E1237E29FA4DFC0038FE1D /* Preview Content */,
			);
			path = BudgetApp;
			sourceTree = "<group>";
		};
		84E1237E29FA4DFC0038FE1D /* Preview Content */ = {
			isa = PBXGroup;
			children = (
				84E1237F29FA4DFC0038FE1D /* Preview Assets.xcassets */,
			);
			path = "Preview Content";
			sourceTree = "<group>";
		};
		84E1238829FA4E5B0038FE1D /* Extensions */ = {
			isa = PBXGroup;
			children = (
				84E124392A02533C0038FE1D /* String+Extension.swift */,
			);
			path = Extensions;
			sourceTree = "<group>";
		};
		84E123D72A00E41E0038FE1D /* Views */ = {
			isa = PBXGroup;
			children = (
				84E123DF2A00E80D0038FE1D /* SignupView.swift */,
				84E1239E29FA6B410038FE1D /* HomeView.swift */,
			);
			path = Views;
			sourceTree = "<group>";
		};
		84E123DC2A00E6610038FE1D /* ViewModel */ = {
			isa = PBXGroup;
			children = (
				84E123DD2A00E68C0038FE1D /* AuthViewModel.swift */,
			);
			path = ViewModel;
			sourceTree = "<group>";
		};
/* End PBXGroup section */

/* Begin PBXNativeTarget section */
		84E1237429FA4DFB0038FE1D /* BudgetApp */ = {
			isa = PBXNativeTarget;
			buildConfigurationList = 84E1238329FA4DFC0038FE1D /* Build configuration list for PBXNativeTarget "BudgetApp" */;
			buildPhases = (
				84E1237129FA4DFB0038FE1D /* Sources */,
				84E1237229FA4DFB0038FE1D /* Frameworks */,
				84E1237329FA4DFB0038FE1D /* Resources */,
			);
			buildRules = (
			);
			dependencies = (
			);
			name = BudgetApp;
			packageProductDependencies = (
				84E1239C29FA5C4C0038FE1D /* AlertToast */,
				84E123E42A0122010038FE1D /* FirebaseAuth */,
				84E123E62A0122010038FE1D /* FirebaseDatabaseSwift */,
				84E123E82A0122010038FE1D /* FirebaseFirestoreSwift */,
				84E123EA2A0122010038FE1D /* FirebaseStorage */,
			);
			productName = BudgetApp;
			productReference = 84E1237529FA4DFB0038FE1D /* BudgetApp.app */;
			productType = "com.apple.product-type.application";
		};
/* End PBXNativeTarget section */

/* Begin PBXProject section */
		84E1236D29FA4DFB0038FE1D /* Project object */ = {
			isa = PBXProject;
			attributes = {
				BuildIndependentTargetsInParallel = 1;
				LastSwiftUpdateCheck = 1410;
				LastUpgradeCheck = 1410;
				TargetAttributes = {
					84E1237429FA4DFB0038FE1D = {
						CreatedOnToolsVersion = 14.1;
					};
				};
			};
			buildConfigurationList = 84E1237029FA4DFB0038FE1D /* Build configuration list for PBXProject "BudgetApp" */;
			compatibilityVersion = "Xcode 14.0";
			developmentRegion = en;
			hasScannedForEncodings = 0;
			knownRegions = (
				en,
				Base,
			);
			mainGroup = 84E1236C29FA4DFB0038FE1D;
			packageReferences = (
				84E1239B29FA5C4C0038FE1D /* XCRemoteSwiftPackageReference "AlertToast" */,
				84E123E32A0122010038FE1D /* XCRemoteSwiftPackageReference "firebase-ios-sdk" */,
			);
			productRefGroup = 84E1237629FA4DFB0038FE1D /* Products */;
			projectDirPath = "";
			projectRoot = "";
			targets = (
				84E1237429FA4DFB0038FE1D /* BudgetApp */,
			);
		};
/* End PBXProject section */

/* Begin PBXResourcesBuildPhase section */
		84E1237329FA4DFB0038FE1D /* Resources */ = {
			isa = PBXResourcesBuildPhase;
			buildActionMask = 2147483647;
			files = (
				84E1238029FA4DFC0038FE1D /* Preview Assets.xcassets in Resources */,
				84E1237D29FA4DFC0038FE1D /* Assets.xcassets in Resources */,
				84E1238C29FA534D0038FE1D /* GoogleService-Info.plist in Resources */,
			);
			runOnlyForDeploymentPostprocessing = 0;
		};
/* End PBXResourcesBuildPhase section */

/* Begin PBXSourcesBuildPhase section */
		84E1237129FA4DFB0038FE1D /* Sources */ = {
			isa = PBXSourcesBuildPhase;
			buildActionMask = 2147483647;
			files = (
				84E123E02A00E80D0038FE1D /* SignupView.swift in Sources */,
				84E1243A2A02533C0038FE1D /* String+Extension.swift in Sources */,
				84E123DE2A00E68C0038FE1D /* AuthViewModel.swift in Sources */,
				84E1239F29FA6B410038FE1D /* HomeView.swift in Sources */,
				84E1237B29FA4DFB0038FE1D /* ContentView.swift in Sources */,
				84E1237929FA4DFB0038FE1D /* BudgetAppApp.swift in Sources */,
			);
			runOnlyForDeploymentPostprocessing = 0;
		};
/* End PBXSourcesBuildPhase section */

/* Begin XCBuildConfiguration section */
		84E1238129FA4DFC0038FE1D /* Debug */ = {
			isa = XCBuildConfiguration;
			buildSettings = {
				ALWAYS_SEARCH_USER_PATHS = NO;
				CLANG_ANALYZER_NONNULL = YES;
				CLANG_ANALYZER_NUMBER_OBJECT_CONVERSION = YES_AGGRESSIVE;
				CLANG_CXX_LANGUAGE_STANDARD = "gnu++20";
				CLANG_ENABLE_MODULES = YES;
				CLANG_ENABLE_OBJC_ARC = YES;
				CLANG_ENABLE_OBJC_WEAK = YES;
				CLANG_WARN_BLOCK_CAPTURE_AUTORELEASING = YES;
				CLANG_WARN_BOOL_CONVERSION = YES;
				CLANG_WARN_COMMA = YES;
				CLANG_WARN_CONSTANT_CONVERSION = YES;
				CLANG_WARN_DEPRECATED_OBJC_IMPLEMENTATIONS = YES;
				CLANG_WARN_DIRECT_OBJC_ISA_USAGE = YES_ERROR;
				CLANG_WARN_DOCUMENTATION_COMMENTS = YES;
				CLANG_WARN_EMPTY_BODY = YES;
				CLANG_WARN_ENUM_CONVERSION = YES;
				CLANG_WARN_INFINITE_RECURSION = YES;
				CLANG_WARN_INT_CONVERSION = YES;
				CLANG_WARN_NON_LITERAL_NULL_CONVERSION = YES;
				CLANG_WARN_OBJC_IMPLICIT_RETAIN_SELF = YES;
				CLANG_WARN_OBJC_LITERAL_CONVERSION = YES;
				CLANG_WARN_OBJC_ROOT_CLASS = YES_ERROR;
				CLANG_WARN_QUOTED_INCLUDE_IN_FRAMEWORK_HEADER = YES;
				CLANG_WARN_RANGE_LOOP_ANALYSIS = YES;
				CLANG_WARN_STRICT_PROTOTYPES = YES;
				CLANG_WARN_SUSPICIOUS_MOVE = YES;
				CLANG_WARN_UNGUARDED_AVAILABILITY = YES_AGGRESSIVE;
				CLANG_WARN_UNREACHABLE_CODE = YES;
				CLANG_WARN__DUPLICATE_METHOD_MATCH = YES;
				COPY_PHASE_STRIP = NO;
				DEBUG_INFORMATION_FORMAT = dwarf;
				ENABLE_STRICT_OBJC_MSGSEND = YES;
				ENABLE_TESTABILITY = YES;
				GCC_C_LANGUAGE_STANDARD = gnu11;
				GCC_DYNAMIC_NO_PIC = NO;
				GCC_NO_COMMON_BLOCKS = YES;
				GCC_OPTIMIZATION_LEVEL = 0;
				GCC_PREPROCESSOR_DEFINITIONS = (
					"DEBUG=1",
					"$(inherited)",
				);
				GCC_WARN_64_TO_32_BIT_CONVERSION = YES;
				GCC_WARN_ABOUT_RETURN_TYPE = YES_ERROR;
				GCC_WARN_UNDECLARED_SELECTOR = YES;
				GCC_WARN_UNINITIALIZED_AUTOS = YES_AGGRESSIVE;
				GCC_WARN_UNUSED_FUNCTION = YES;
				GCC_WARN_UNUSED_VARIABLE = YES;
				IPHONEOS_DEPLOYMENT_TARGET = 16.1;
				MTL_ENABLE_DEBUG_INFO = INCLUDE_SOURCE;
				MTL_FAST_MATH = YES;
				ONLY_ACTIVE_ARCH = YES;
				SDKROOT = iphoneos;
				SWIFT_ACTIVE_COMPILATION_CONDITIONS = DEBUG;
				SWIFT_OPTIMIZATION_LEVEL = "-Onone";
			};
			name = Debug;
		};
		84E1238229FA4DFC0038FE1D /* Release */ = {
			isa = XCBuildConfiguration;
			buildSettings = {
				ALWAYS_SEARCH_USER_PATHS = NO;
				CLANG_ANALYZER_NONNULL = YES;
				CLANG_ANALYZER_NUMBER_OBJECT_CONVERSION = YES_AGGRESSIVE;
				CLANG_CXX_LANGUAGE_STANDARD = "gnu++20";
				CLANG_ENABLE_MODULES = YES;
				CLANG_ENABLE_OBJC_ARC = YES;
				CLANG_ENABLE_OBJC_WEAK = YES;
				CLANG_WARN_BLOCK_CAPTURE_AUTORELEASING = YES;
				CLANG_WARN_BOOL_CONVERSION = YES;
				CLANG_WARN_COMMA = YES;
				CLANG_WARN_CONSTANT_CONVERSION = YES;
				CLANG_WARN_DEPRECATED_OBJC_IMPLEMENTATIONS = YES;
				CLANG_WARN_DIRECT_OBJC_ISA_USAGE = YES_ERROR;
				CLANG_WARN_DOCUMENTATION_COMMENTS = YES;
				CLANG_WARN_EMPTY_BODY = YES;
				CLANG_WARN_ENUM_CONVERSION = YES;
				CLANG_WARN_INFINITE_RECURSION = YES;
				CLANG_WARN_INT_CONVERSION = YES;
				CLANG_WARN_NON_LITERAL_NULL_CONVERSION = YES;
				CLANG_WARN_OBJC_IMPLICIT_RETAIN_SELF = YES;
				CLANG_WARN_OBJC_LITERAL_CONVERSION = YES;
				CLANG_WARN_OBJC_ROOT_CLASS = YES_ERROR;
				CLANG_WARN_QUOTED_INCLUDE_IN_FRAMEWORK_HEADER = YES;
				CLANG_WARN_RANGE_LOOP_ANALYSIS = YES;
				CLANG_WARN_STRICT_PROTOTYPES = YES;
				CLANG_WARN_SUSPICIOUS_MOVE = YES;
				CLANG_WARN_UNGUARDED_AVAILABILITY = YES_AGGRESSIVE;
				CLANG_WARN_UNREACHABLE_CODE = YES;
				CLANG_WARN__DUPLICATE_METHOD_MATCH = YES;
				COPY_PHASE_STRIP = NO;
				DEBUG_INFORMATION_FORMAT = "dwarf-with-dsym";
				ENABLE_NS_ASSERTIONS = NO;
				ENABLE_STRICT_OBJC_MSGSEND = YES;
				GCC_C_LANGUAGE_STANDARD = gnu11;
				GCC_NO_COMMON_BLOCKS = YES;
				GCC_WARN_64_TO_32_BIT_CONVERSION = YES;
				GCC_WARN_ABOUT_RETURN_TYPE = YES_ERROR;
				GCC_WARN_UNDECLARED_SELECTOR = YES;
				GCC_WARN_UNINITIALIZED_AUTOS = YES_AGGRESSIVE;
				GCC_WARN_UNUSED_FUNCTION = YES;
				GCC_WARN_UNUSED_VARIABLE = YES;
				IPHONEOS_DEPLOYMENT_TARGET = 16.1;
				MTL_ENABLE_DEBUG_INFO = NO;
				MTL_FAST_MATH = YES;
				SDKROOT = iphoneos;
				SWIFT_COMPILATION_MODE = wholemodule;
				SWIFT_OPTIMIZATION_LEVEL = "-O";
				VALIDATE_PRODUCT = YES;
			};
			name = Release;
		};
		84E1238429FA4DFC0038FE1D /* Debug */ = {
			isa = XCBuildConfiguration;
			buildSettings = {
				ASSETCATALOG_COMPILER_APPICON_NAME = AppIcon;
				ASSETCATALOG_COMPILER_GLOBAL_ACCENT_COLOR_NAME = AccentColor;
				CODE_SIGN_STYLE = Automatic;
				CURRENT_PROJECT_VERSION = 1;
				DEVELOPMENT_ASSET_PATHS = "\"BudgetApp/Preview Content\"";
				ENABLE_PREVIEWS = YES;
				GENERATE_INFOPLIST_FILE = YES;
				INFOPLIST_KEY_UIApplicationSceneManifest_Generation = YES;
				INFOPLIST_KEY_UIApplicationSupportsIndirectInputEvents = YES;
				INFOPLIST_KEY_UILaunchScreen_Generation = YES;
				INFOPLIST_KEY_UISupportedInterfaceOrientations_iPad = "UIInterfaceOrientationPortrait UIInterfaceOrientationPortraitUpsideDown UIInterfaceOrientationLandscapeLeft UIInterfaceOrientationLandscapeRight";
				INFOPLIST_KEY_UISupportedInterfaceOrientations_iPhone = "UIInterfaceOrientationPortrait UIInterfaceOrientationLandscapeLeft UIInterfaceOrientationLandscapeRight";
				LD_RUNPATH_SEARCH_PATHS = (
					"$(inherited)",
					"@executable_path/Frameworks",
				);
				MARKETING_VERSION = 1.0;
				PRODUCT_BUNDLE_IDENTIFIER = org.BudgetApp;
				PRODUCT_NAME = "$(TARGET_NAME)";
				SWIFT_EMIT_LOC_STRINGS = YES;
				SWIFT_VERSION = 5.0;
				TARGETED_DEVICE_FAMILY = "1,2";
			};
			name = Debug;
		};
		84E1238529FA4DFC0038FE1D /* Release */ = {
			isa = XCBuildConfiguration;
			buildSettings = {
				ASSETCATALOG_COMPILER_APPICON_NAME = AppIcon;
				ASSETCATALOG_COMPILER_GLOBAL_ACCENT_COLOR_NAME = AccentColor;
				CODE_SIGN_STYLE = Automatic;
				CURRENT_PROJECT_VERSION = 1;
				DEVELOPMENT_ASSET_PATHS = "\"BudgetApp/Preview Content\"";
				ENABLE_PREVIEWS = YES;
				GENERATE_INFOPLIST_FILE = YES;
				INFOPLIST_KEY_UIApplicationSceneManifest_Generation = YES;
				INFOPLIST_KEY_UIApplicationSupportsIndirectInputEvents = YES;
				INFOPLIST_KEY_UILaunchScreen_Generation = YES;
				INFOPLIST_KEY_UISupportedInterfaceOrientations_iPad = "UIInterfaceOrientationPortrait UIInterfaceOrientationPortraitUpsideDown UIInterfaceOrientationLandscapeLeft UIInterfaceOrientationLandscapeRight";
				INFOPLIST_KEY_UISupportedInterfaceOrientations_iPhone = "UIInterfaceOrientationPortrait UIInterfaceOrientationLandscapeLeft UIInterfaceOrientationLandscapeRight";
				LD_RUNPATH_SEARCH_PATHS = (
					"$(inherited)",
					"@executable_path/Frameworks",
				);
				MARKETING_VERSION = 1.0;
				PRODUCT_BUNDLE_IDENTIFIER = org.BudgetApp;
				PRODUCT_NAME = "$(TARGET_NAME)";
				SWIFT_EMIT_LOC_STRINGS = YES;
				SWIFT_VERSION = 5.0;
				TARGETED_DEVICE_FAMILY = "1,2";
			};
			name = Release;
		};
/* End XCBuildConfiguration section */

/* Begin XCConfigurationList section */
		84E1237029FA4DFB0038FE1D /* Build configuration list for PBXProject "BudgetApp" */ = {
			isa = XCConfigurationList;
			buildConfigurations = (
				84E1238129FA4DFC0038FE1D /* Debug */,
				84E1238229FA4DFC0038FE1D /* Release */,
			);
			defaultConfigurationIsVisible = 0;
			defaultConfigurationName = Release;
		};
		84E1238329FA4DFC0038FE1D /* Build configuration list for PBXNativeTarget "BudgetApp" */ = {
			isa = XCConfigurationList;
			buildConfigurations = (
				84E1238429FA4DFC0038FE1D /* Debug */,
				84E1238529FA4DFC0038FE1D /* Release */,
			);
			defaultConfigurationIsVisible = 0;
			defaultConfigurationName = Release;
		};
/* End XCConfigurationList section */

/* Begin XCRemoteSwiftPackageReference section */
		84E1239B29FA5C4C0038FE1D /* XCRemoteSwiftPackageReference "AlertToast" */ = {
			isa = XCRemoteSwiftPackageReference;
			repositoryURL = "https://github.com/elai950/AlertToast.git";
			requirement = {
				kind = upToNextMajorVersion;
				minimumVersion = 1.0.0;
			};
		};
		84E123E32A0122010038FE1D /* XCRemoteSwiftPackageReference "firebase-ios-sdk" */ = {
			isa = XCRemoteSwiftPackageReference;
			repositoryURL = "https://github.com/firebase/firebase-ios-sdk";
			requirement = {
				branch = master;
				kind = branch;
			};
		};
/* End XCRemoteSwiftPackageReference section */

/* Begin XCSwiftPackageProductDependency section */
		84E1239C29FA5C4C0038FE1D /* AlertToast */ = {
			isa = XCSwiftPackageProductDependency;
			package = 84E1239B29FA5C4C0038FE1D /* XCRemoteSwiftPackageReference "AlertToast" */;
			productName = AlertToast;
		};
		84E123E42A0122010038FE1D /* FirebaseAuth */ = {
			isa = XCSwiftPackageProductDependency;
			package = 84E123E32A0122010038FE1D /* XCRemoteSwiftPackageReference "firebase-ios-sdk" */;
			productName = FirebaseAuth;
		};
		84E123E62A0122010038FE1D /* FirebaseDatabaseSwift */ = {
			isa = XCSwiftPackageProductDependency;
			package = 84E123E32A0122010038FE1D /* XCRemoteSwiftPackageReference "firebase-ios-sdk" */;
			productName = FirebaseDatabaseSwift;
		};
		84E123E82A0122010038FE1D /* FirebaseFirestoreSwift */ = {
			isa = XCSwiftPackageProductDependency;
			package = 84E123E32A0122010038FE1D /* XCRemoteSwiftPackageReference "firebase-ios-sdk" */;
			productName = FirebaseFirestoreSwift;
		};
		84E123EA2A0122010038FE1D /* FirebaseStorage */ = {
			isa = XCSwiftPackageProductDependency;
			package = 84E123E32A0122010038FE1D /* XCRemoteSwiftPackageReference "firebase-ios-sdk" */;
			productName = FirebaseStorage;
		};
/* End XCSwiftPackageProductDependency section */
	};
	rootObject = 84E1236D29FA4DFB0038FE1D /* Project object */;
}
